
Microsoft Visual Studio Solution File, Format Version 12.00
# Visual Studio Version 17
VisualStudioVersion = 17.9.34701.34
MinimumVisualStudioVersion = 10.0.40219.1
Project("{9A19103F-16F7-4668-BE54-9A1E7A4F7556}") = "Task_1", "Task_1\Task_1.csproj", "{435B1A9B-5353-4BE9-9A94-993E56757D02}"
EndProject
Global
	GlobalSection(SolutionConfigurationPlatforms) = preSolution
		Debug|Any CPU = Debug|Any CPU
		Release|Any CPU = Release|Any CPU
	EndGlobalSection
	GlobalSection(ProjectConfigurationPlatforms) = postSolution
		{435B1A9B-5353-4BE9-9A94-993E56757D02}.Debug|Any CPU.ActiveCfg = Debug|Any CPU
		{435B1A9B-5353-4BE9-9A94-993E56757D02}.Debug|Any CPU.Build.0 = Debug|Any CPU
		{435B1A9B-5353-4BE9-9A94-993E56757D02}.Release|Any CPU.ActiveCfg = Release|Any CPU
		{435B1A9B-5353-4BE9-9A94-993E56757D02}.Release|Any CPU.Build.0 = Release|Any CPU
	EndGlobalSection
	GlobalSection(SolutionProperties) = preSolution
		HideSolutionNode = FALSE
	EndGlobalSection
	GlobalSection(ExtensibilityGlobals) = postSolution
		SolutionGuid = {F160A585-298C-4E92-A0EB-27DAB00B431C}
	EndGlobalSection
EndGlobal
